// !$*UTF8*$!
{
	archiveVersion = 1;
	classes = {
	};
	objectVersion = 50;
	objects = {

/* Begin PBXBuildFile section */
		24E30816A725C30A69F7EB5E /* Pods_X_Mode.framework in Frameworks */ = {isa = PBXBuildFile; fileRef = 6D2A5E96AD01677B8B913936 /* Pods_X_Mode.framework */; };
		D5C98DF620FD99AB00A8A426 /* AppDelegate.swift in Sources */ = {isa = PBXBuildFile; fileRef = D5C98DF520FD99AB00A8A426 /* AppDelegate.swift */; };
		D5C98DF820FD99AB00A8A426 /* ViewController.swift in Sources */ = {isa = PBXBuildFile; fileRef = D5C98DF720FD99AB00A8A426 /* ViewController.swift */; };
		D5C98DFB20FD99AB00A8A426 /* Main.storyboard in Resources */ = {isa = PBXBuildFile; fileRef = D5C98DF920FD99AB00A8A426 /* Main.storyboard */; };
		D5C98DFD20FD99AC00A8A426 /* Assets.xcassets in Resources */ = {isa = PBXBuildFile; fileRef = D5C98DFC20FD99AC00A8A426 /* Assets.xcassets */; };
		D5C98E0020FD99AC00A8A426 /* LaunchScreen.storyboard in Resources */ = {isa = PBXBuildFile; fileRef = D5C98DFE20FD99AC00A8A426 /* LaunchScreen.storyboard */; };
		D5C98E0B20FD99AC00A8A426 /* X_ModeTests.swift in Sources */ = {isa = PBXBuildFile; fileRef = D5C98E0A20FD99AC00A8A426 /* X_ModeTests.swift */; };
		D5C98E1620FD99AC00A8A426 /* X_ModeUITests.swift in Sources */ = {isa = PBXBuildFile; fileRef = D5C98E1520FD99AC00A8A426 /* X_ModeUITests.swift */; };
		D5D29D4720FEEB68000F40E1 /* CustomAnnotation.swift in Sources */ = {isa = PBXBuildFile; fileRef = D5D29D4620FEEB68000F40E1 /* CustomAnnotation.swift */; };
		D5D29D4920FEEB81000F40E1 /* UserLocation.swift in Sources */ = {isa = PBXBuildFile; fileRef = D5D29D4820FEEB81000F40E1 /* UserLocation.swift */; };
		D5D29D4C20FEEBD7000F40E1 /* Helper.swift in Sources */ = {isa = PBXBuildFile; fileRef = D5D29D4B20FEEBD7000F40E1 /* Helper.swift */; };
		D5D29D4F20FEED6B000F40E1 /* SocketClient.swift in Sources */ = {isa = PBXBuildFile; fileRef = D5D29D4E20FEED6B000F40E1 /* SocketClient.swift */; };
		D5D29D5120FEEE24000F40E1 /* Interacter.swift in Sources */ = {isa = PBXBuildFile; fileRef = D5D29D5020FEEE24000F40E1 /* Interacter.swift */; };
/* End PBXBuildFile section */

/* Begin PBXContainerItemProxy section */
		D5C98E0720FD99AC00A8A426 /* PBXContainerItemProxy */ = {
			isa = PBXContainerItemProxy;
			containerPortal = D5C98DEA20FD99AB00A8A426 /* Project object */;
			proxyType = 1;
			remoteGlobalIDString = D5C98DF120FD99AB00A8A426;
			remoteInfo = "X-Mode";
		};
		D5C98E1220FD99AC00A8A426 /* PBXContainerItemProxy */ = {
			isa = PBXContainerItemProxy;
			containerPortal = D5C98DEA20FD99AB00A8A426 /* Project object */;
			proxyType = 1;
			remoteGlobalIDString = D5C98DF120FD99AB00A8A426;
			remoteInfo = "X-Mode";
		};
/* End PBXContainerItemProxy section */

/* Begin PBXFileReference section */
		40B7C44038EEAEEB151055A6 /* Pods-X-Mode.debug.xcconfig */ = {isa = PBXFileReference; includeInIndex = 1; lastKnownFileType = text.xcconfig; name = "Pods-X-Mode.debug.xcconfig"; path = "Pods/Target Support Files/Pods-X-Mode/Pods-X-Mode.debug.xcconfig"; sourceTree = "<group>"; };
		6D2A5E96AD01677B8B913936 /* Pods_X_Mode.framework */ = {isa = PBXFileReference; explicitFileType = wrapper.framework; includeInIndex = 0; path = Pods_X_Mode.framework; sourceTree = BUILT_PRODUCTS_DIR; };
		97C83CC1F081AE44C1237B15 /* Pods-X-Mode.release.xcconfig */ = {isa = PBXFileReference; includeInIndex = 1; lastKnownFileType = text.xcconfig; name = "Pods-X-Mode.release.xcconfig"; path = "Pods/Target Support Files/Pods-X-Mode/Pods-X-Mode.release.xcconfig"; sourceTree = "<group>"; };
		D5C98DF220FD99AB00A8A426 /* X-Mode.app */ = {isa = PBXFileReference; explicitFileType = wrapper.application; includeInIndex = 0; path = "X-Mode.app"; sourceTree = BUILT_PRODUCTS_DIR; };
		D5C98DF520FD99AB00A8A426 /* AppDelegate.swift */ = {isa = PBXFileReference; lastKnownFileType = sourcecode.swift; path = AppDelegate.swift; sourceTree = "<group>"; };
		D5C98DF720FD99AB00A8A426 /* ViewController.swift */ = {isa = PBXFileReference; lastKnownFileType = sourcecode.swift; path = ViewController.swift; sourceTree = "<group>"; };
		D5C98DFA20FD99AB00A8A426 /* Base */ = {isa = PBXFileReference; lastKnownFileType = file.storyboard; name = Base; path = Base.lproj/Main.storyboard; sourceTree = "<group>"; };
		D5C98DFC20FD99AC00A8A426 /* Assets.xcassets */ = {isa = PBXFileReference; lastKnownFileType = folder.assetcatalog; path = Assets.xcassets; sourceTree = "<group>"; };
		D5C98DFF20FD99AC00A8A426 /* Base */ = {isa = PBXFileReference; lastKnownFileType = file.storyboard; name = Base; path = Base.lproj/LaunchScreen.storyboard; sourceTree = "<group>"; };
		D5C98E0120FD99AC00A8A426 /* Info.plist */ = {isa = PBXFileReference; lastKnownFileType = text.plist.xml; path = Info.plist; sourceTree = "<group>"; };
		D5C98E0620FD99AC00A8A426 /* X-ModeTests.xctest */ = {isa = PBXFileReference; explicitFileType = wrapper.cfbundle; includeInIndex = 0; path = "X-ModeTests.xctest"; sourceTree = BUILT_PRODUCTS_DIR; };
		D5C98E0A20FD99AC00A8A426 /* X_ModeTests.swift */ = {isa = PBXFileReference; lastKnownFileType = sourcecode.swift; path = X_ModeTests.swift; sourceTree = "<group>"; };
		D5C98E0C20FD99AC00A8A426 /* Info.plist */ = {isa = PBXFileReference; lastKnownFileType = text.plist.xml; path = Info.plist; sourceTree = "<group>"; };
		D5C98E1120FD99AC00A8A426 /* X-ModeUITests.xctest */ = {isa = PBXFileReference; explicitFileType = wrapper.cfbundle; includeInIndex = 0; path = "X-ModeUITests.xctest"; sourceTree = BUILT_PRODUCTS_DIR; };
		D5C98E1520FD99AC00A8A426 /* X_ModeUITests.swift */ = {isa = PBXFileReference; lastKnownFileType = sourcecode.swift; path = X_ModeUITests.swift; sourceTree = "<group>"; };
		D5C98E1720FD99AC00A8A426 /* Info.plist */ = {isa = PBXFileReference; lastKnownFileType = text.plist.xml; path = Info.plist; sourceTree = "<group>"; };
		D5D29D4620FEEB68000F40E1 /* CustomAnnotation.swift */ = {isa = PBXFileReference; lastKnownFileType = sourcecode.swift; path = CustomAnnotation.swift; sourceTree = "<group>"; };
		D5D29D4820FEEB81000F40E1 /* UserLocation.swift */ = {isa = PBXFileReference; lastKnownFileType = sourcecode.swift; path = UserLocation.swift; sourceTree = "<group>"; };
		D5D29D4B20FEEBD7000F40E1 /* Helper.swift */ = {isa = PBXFileReference; lastKnownFileType = sourcecode.swift; path = Helper.swift; sourceTree = "<group>"; };
		D5D29D4E20FEED6B000F40E1 /* SocketClient.swift */ = {isa = PBXFileReference; lastKnownFileType = sourcecode.swift; path = SocketClient.swift; sourceTree = "<group>"; };
		D5D29D5020FEEE24000F40E1 /* Interacter.swift */ = {isa = PBXFileReference; lastKnownFileType = sourcecode.swift; path = Interacter.swift; sourceTree = "<group>"; };
/* End PBXFileReference section */

/* Begin PBXFrameworksBuildPhase section */
		D5C98DEF20FD99AB00A8A426 /* Frameworks */ = {
			isa = PBXFrameworksBuildPhase;
			buildActionMask = 2147483647;
			files = (
				24E30816A725C30A69F7EB5E /* Pods_X_Mode.framework in Frameworks */,
			);
			runOnlyForDeploymentPostprocessing = 0;
		};
		D5C98E0320FD99AC00A8A426 /* Frameworks */ = {
			isa = PBXFrameworksBuildPhase;
			buildActionMask = 2147483647;
			files = (
			);
			runOnlyForDeploymentPostprocessing = 0;
		};
		D5C98E0E20FD99AC00A8A426 /* Frameworks */ = {
			isa = PBXFrameworksBuildPhase;
			buildActionMask = 2147483647;
			files = (
			);
			runOnlyForDeploymentPostprocessing = 0;
		};
/* End PBXFrameworksBuildPhase section */

/* Begin PBXGroup section */
		7571BA85BD77757FE053D4BF /* Frameworks */ = {
			isa = PBXGroup;
			children = (
				6D2A5E96AD01677B8B913936 /* Pods_X_Mode.framework */,
			);
			name = Frameworks;
			sourceTree = "<group>";
		};
		7649FE9AB6B0296A2886C2F1 /* Pods */ = {
			isa = PBXGroup;
			children = (
				40B7C44038EEAEEB151055A6 /* Pods-X-Mode.debug.xcconfig */,
				97C83CC1F081AE44C1237B15 /* Pods-X-Mode.release.xcconfig */,
			);
			name = Pods;
			sourceTree = "<group>";
		};
		D5C98DE920FD99AB00A8A426 = {
			isa = PBXGroup;
			children = (
				D5C98DF420FD99AB00A8A426 /* X-Mode */,
				D5C98E0920FD99AC00A8A426 /* X-ModeTests */,
				D5C98E1420FD99AC00A8A426 /* X-ModeUITests */,
				D5C98DF320FD99AB00A8A426 /* Products */,
				7649FE9AB6B0296A2886C2F1 /* Pods */,
				7571BA85BD77757FE053D4BF /* Frameworks */,
			);
			sourceTree = "<group>";
		};
		D5C98DF320FD99AB00A8A426 /* Products */ = {
			isa = PBXGroup;
			children = (
				D5C98DF220FD99AB00A8A426 /* X-Mode.app */,
				D5C98E0620FD99AC00A8A426 /* X-ModeTests.xctest */,
				D5C98E1120FD99AC00A8A426 /* X-ModeUITests.xctest */,
			);
			name = Products;
			sourceTree = "<group>";
		};
		D5C98DF420FD99AB00A8A426 /* X-Mode */ = {
			isa = PBXGroup;
			children = (
				D5D29D4D20FEED43000F40E1 /* Network */,
				D5D29D4A20FEEB88000F40E1 /* Common */,
				D5D29D4520FEEB50000F40E1 /* Models */,
				D5C98DF520FD99AB00A8A426 /* AppDelegate.swift */,
				D5C98DF720FD99AB00A8A426 /* ViewController.swift */,
				D5C98DF920FD99AB00A8A426 /* Main.storyboard */,
				D5C98DFC20FD99AC00A8A426 /* Assets.xcassets */,
				D5C98DFE20FD99AC00A8A426 /* LaunchScreen.storyboard */,
				D5C98E0120FD99AC00A8A426 /* Info.plist */,
			);
			path = "X-Mode";
			sourceTree = "<group>";
		};
		D5C98E0920FD99AC00A8A426 /* X-ModeTests */ = {
			isa = PBXGroup;
			children = (
				D5C98E0A20FD99AC00A8A426 /* X_ModeTests.swift */,
				D5C98E0C20FD99AC00A8A426 /* Info.plist */,
			);
			path = "X-ModeTests";
			sourceTree = "<group>";
		};
		D5C98E1420FD99AC00A8A426 /* X-ModeUITests */ = {
			isa = PBXGroup;
			children = (
				D5C98E1520FD99AC00A8A426 /* X_ModeUITests.swift */,
				D5C98E1720FD99AC00A8A426 /* Info.plist */,
			);
			path = "X-ModeUITests";
			sourceTree = "<group>";
		};
		D5D29D4520FEEB50000F40E1 /* Models */ = {
			isa = PBXGroup;
			children = (
				D5D29D4620FEEB68000F40E1 /* CustomAnnotation.swift */,
				D5D29D4820FEEB81000F40E1 /* UserLocation.swift */,
			);
			path = Models;
			sourceTree = "<group>";
		};
		D5D29D4A20FEEB88000F40E1 /* Common */ = {
			isa = PBXGroup;
			children = (
				D5D29D4B20FEEBD7000F40E1 /* Helper.swift */,
				D5D29D5020FEEE24000F40E1 /* Interacter.swift */,
			);
			path = Common;
			sourceTree = "<group>";
		};
		D5D29D4D20FEED43000F40E1 /* Network */ = {
			isa = PBXGroup;
			children = (
				D5D29D4E20FEED6B000F40E1 /* SocketClient.swift */,
			);
			path = Network;
			sourceTree = "<group>";
		};
/* End PBXGroup section */

/* Begin PBXNativeTarget section */
		D5C98DF120FD99AB00A8A426 /* X-Mode */ = {
			isa = PBXNativeTarget;
			buildConfigurationList = D5C98E1A20FD99AC00A8A426 /* Build configuration list for PBXNativeTarget "X-Mode" */;
			buildPhases = (
				CCEA5729418C014ED4C578DC /* [CP] Check Pods Manifest.lock */,
				D5C98DEE20FD99AB00A8A426 /* Sources */,
				D5C98DEF20FD99AB00A8A426 /* Frameworks */,
				D5C98DF020FD99AB00A8A426 /* Resources */,
				918C5AE7B21ED5F6BED6216D /* [CP] Embed Pods Frameworks */,
			);
			buildRules = (
			);
			dependencies = (
			);
			name = "X-Mode";
			productName = "X-Mode";
			productReference = D5C98DF220FD99AB00A8A426 /* X-Mode.app */;
			productType = "com.apple.product-type.application";
		};
		D5C98E0520FD99AC00A8A426 /* X-ModeTests */ = {
			isa = PBXNativeTarget;
			buildConfigurationList = D5C98E1D20FD99AC00A8A426 /* Build configuration list for PBXNativeTarget "X-ModeTests" */;
			buildPhases = (
				D5C98E0220FD99AC00A8A426 /* Sources */,
				D5C98E0320FD99AC00A8A426 /* Frameworks */,
				D5C98E0420FD99AC00A8A426 /* Resources */,
			);
			buildRules = (
			);
			dependencies = (
				D5C98E0820FD99AC00A8A426 /* PBXTargetDependency */,
			);
			name = "X-ModeTests";
			productName = "X-ModeTests";
			productReference = D5C98E0620FD99AC00A8A426 /* X-ModeTests.xctest */;
			productType = "com.apple.product-type.bundle.unit-test";
		};
		D5C98E1020FD99AC00A8A426 /* X-ModeUITests */ = {
			isa = PBXNativeTarget;
			buildConfigurationList = D5C98E2020FD99AC00A8A426 /* Build configuration list for PBXNativeTarget "X-ModeUITests" */;
			buildPhases = (
				D5C98E0D20FD99AC00A8A426 /* Sources */,
				D5C98E0E20FD99AC00A8A426 /* Frameworks */,
				D5C98E0F20FD99AC00A8A426 /* Resources */,
			);
			buildRules = (
			);
			dependencies = (
				D5C98E1320FD99AC00A8A426 /* PBXTargetDependency */,
			);
			name = "X-ModeUITests";
			productName = "X-ModeUITests";
			productReference = D5C98E1120FD99AC00A8A426 /* X-ModeUITests.xctest */;
			productType = "com.apple.product-type.bundle.ui-testing";
		};
/* End PBXNativeTarget section */

/* Begin PBXProject section */
		D5C98DEA20FD99AB00A8A426 /* Project object */ = {
			isa = PBXProject;
			attributes = {
				LastSwiftUpdateCheck = 0940;
				LastUpgradeCheck = 0940;
				ORGANIZATIONNAME = "Green, Jonathan";
				TargetAttributes = {
					D5C98DF120FD99AB00A8A426 = {
						CreatedOnToolsVersion = 9.4.1;
						SystemCapabilities = {
							com.apple.BackgroundModes = {
								enabled = 1;
							};
						};
					};
					D5C98E0520FD99AC00A8A426 = {
						CreatedOnToolsVersion = 9.4.1;
						TestTargetID = D5C98DF120FD99AB00A8A426;
					};
					D5C98E1020FD99AC00A8A426 = {
						CreatedOnToolsVersion = 9.4.1;
						TestTargetID = D5C98DF120FD99AB00A8A426;
					};
				};
			};
			buildConfigurationList = D5C98DED20FD99AB00A8A426 /* Build configuration list for PBXProject "X-Mode" */;
			compatibilityVersion = "Xcode 9.3";
			developmentRegion = en;
			hasScannedForEncodings = 0;
			knownRegions = (
				en,
				Base,
			);
			mainGroup = D5C98DE920FD99AB00A8A426;
			productRefGroup = D5C98DF320FD99AB00A8A426 /* Products */;
			projectDirPath = "";
			projectRoot = "";
			targets = (
				D5C98DF120FD99AB00A8A426 /* X-Mode */,
				D5C98E0520FD99AC00A8A426 /* X-ModeTests */,
				D5C98E1020FD99AC00A8A426 /* X-ModeUITests */,
			);
		};
/* End PBXProject section */

/* Begin PBXResourcesBuildPhase section */
		D5C98DF020FD99AB00A8A426 /* Resources */ = {
			isa = PBXResourcesBuildPhase;
			buildActionMask = 2147483647;
			files = (
				D5C98E0020FD99AC00A8A426 /* LaunchScreen.storyboard in Resources */,
				D5C98DFD20FD99AC00A8A426 /* Assets.xcassets in Resources */,
				D5C98DFB20FD99AB00A8A426 /* Main.storyboard in Resources */,
			);
			runOnlyForDeploymentPostprocessing = 0;
		};
		D5C98E0420FD99AC00A8A426 /* Resources */ = {
			isa = PBXResourcesBuildPhase;
			buildActionMask = 2147483647;
			files = (
			);
			runOnlyForDeploymentPostprocessing = 0;
		};
		D5C98E0F20FD99AC00A8A426 /* Resources */ = {
			isa = PBXResourcesBuildPhase;
			buildActionMask = 2147483647;
			files = (
			);
			runOnlyForDeploymentPostprocessing = 0;
		};
/* End PBXResourcesBuildPhase section */

/* Begin PBXShellScriptBuildPhase section */
		918C5AE7B21ED5F6BED6216D /* [CP] Embed Pods Frameworks */ = {
			isa = PBXShellScriptBuildPhase;
			buildActionMask = 2147483647;
			files = (
			);
			inputPaths = (
				"${SRCROOT}/Pods/Target Support Files/Pods-X-Mode/Pods-X-Mode-frameworks.sh",
				"${BUILT_PRODUCTS_DIR}/SwiftWebSocket/SwiftWebSocket.framework",
			);
			name = "[CP] Embed Pods Frameworks";
			outputPaths = (
				"${TARGET_BUILD_DIR}/${FRAMEWORKS_FOLDER_PATH}/SwiftWebSocket.framework",
			);
			runOnlyForDeploymentPostprocessing = 0;
			shellPath = /bin/sh;
			shellScript = "\"${SRCROOT}/Pods/Target Support Files/Pods-X-Mode/Pods-X-Mode-frameworks.sh\"\n";
			showEnvVarsInLog = 0;
		};
		CCEA5729418C014ED4C578DC /* [CP] Check Pods Manifest.lock */ = {
			isa = PBXShellScriptBuildPhase;
			buildActionMask = 2147483647;
			files = (
			);
			inputPaths = (
				"${PODS_PODFILE_DIR_PATH}/Podfile.lock",
				"${PODS_ROOT}/Manifest.lock",
			);
			name = "[CP] Check Pods Manifest.lock";
			outputPaths = (
				"$(DERIVED_FILE_DIR)/Pods-X-Mode-checkManifestLockResult.txt",
			);
			runOnlyForDeploymentPostprocessing = 0;
			shellPath = /bin/sh;
			shellScript = "diff \"${PODS_PODFILE_DIR_PATH}/Podfile.lock\" \"${PODS_ROOT}/Manifest.lock\" > /dev/null\nif [ $? != 0 ] ; then\n    # print error to STDERR\n    echo \"error: The sandbox is not in sync with the Podfile.lock. Run 'pod install' or update your CocoaPods installation.\" >&2\n    exit 1\nfi\n# This output is used by Xcode 'outputs' to avoid re-running this script phase.\necho \"SUCCESS\" > \"${SCRIPT_OUTPUT_FILE_0}\"\n";
			showEnvVarsInLog = 0;
		};
/* End PBXShellScriptBuildPhase section */

/* Begin PBXSourcesBuildPhase section */
		D5C98DEE20FD99AB00A8A426 /* Sources */ = {
			isa = PBXSourcesBuildPhase;
			buildActionMask = 2147483647;
			files = (
				D5C98DF820FD99AB00A8A426 /* ViewController.swift in Sources */,
				D5D29D4920FEEB81000F40E1 /* UserLocation.swift in Sources */,
				D5D29D4F20FEED6B000F40E1 /* SocketClient.swift in Sources */,
				D5D29D4C20FEEBD7000F40E1 /* Helper.swift in Sources */,
				D5D29D5120FEEE24000F40E1 /* Interacter.swift in Sources */,
				D5C98DF620FD99AB00A8A426 /* AppDelegate.swift in Sources */,
				D5D29D4720FEEB68000F40E1 /* CustomAnnotation.swift in Sources */,
			);
			runOnlyForDeploymentPostprocessing = 0;
		};
		D5C98E0220FD99AC00A8A426 /* Sources */ = {
			isa = PBXSourcesBuildPhase;
			buildActionMask = 2147483647;
			files = (
				D5C98E0B20FD99AC00A8A426 /* X_ModeTests.swift in Sources */,
			);
			runOnlyForDeploymentPostprocessing = 0;
		};
		D5C98E0D20FD99AC00A8A426 /* Sources */ = {
			isa = PBXSourcesBuildPhase;
			buildActionMask = 2147483647;
			files = (
				D5C98E1620FD99AC00A8A426 /* X_ModeUITests.swift in Sources */,
			);
			runOnlyForDeploymentPostprocessing = 0;
		};
/* End PBXSourcesBuildPhase section */

/* Begin PBXTargetDependency section */
		D5C98E0820FD99AC00A8A426 /* PBXTargetDependency */ = {
			isa = PBXTargetDependency;
			target = D5C98DF120FD99AB00A8A426 /* X-Mode */;
			targetProxy = D5C98E0720FD99AC00A8A426 /* PBXContainerItemProxy */;
		};
		D5C98E1320FD99AC00A8A426 /* PBXTargetDependency */ = {
			isa = PBXTargetDependency;
			target = D5C98DF120FD99AB00A8A426 /* X-Mode */;
			targetProxy = D5C98E1220FD99AC00A8A426 /* PBXContainerItemProxy */;
		};
/* End PBXTargetDependency section */

/* Begin PBXVariantGroup section */
		D5C98DF920FD99AB00A8A426 /* Main.storyboard */ = {
			isa = PBXVariantGroup;
			children = (
				D5C98DFA20FD99AB00A8A426 /* Base */,
			);
			name = Main.storyboard;
			sourceTree = "<group>";
		};
		D5C98DFE20FD99AC00A8A426 /* LaunchScreen.storyboard */ = {
			isa = PBXVariantGroup;
			children = (
				D5C98DFF20FD99AC00A8A426 /* Base */,
			);
			name = LaunchScreen.storyboard;
			sourceTree = "<group>";
		};
/* End PBXVariantGroup section */

/* Begin XCBuildConfiguration section */
		D5C98E1820FD99AC00A8A426 /* Debug */ = {
			isa = XCBuildConfiguration;
			buildSettings = {
				ALWAYS_SEARCH_USER_PATHS = NO;
				CLANG_ANALYZER_NONNULL = YES;
				CLANG_ANALYZER_NUMBER_OBJECT_CONVERSION = YES_AGGRESSIVE;
				CLANG_CXX_LANGUAGE_STANDARD = "gnu++14";
				CLANG_CXX_LIBRARY = "libc++";
				CLANG_ENABLE_MODULES = YES;
				CLANG_ENABLE_OBJC_ARC = YES;
				CLANG_ENABLE_OBJC_WEAK = YES;
				CLANG_WARN_BLOCK_CAPTURE_AUTORELEASING = YES;
				CLANG_WARN_BOOL_CONVERSION = YES;
				CLANG_WARN_COMMA = YES;
				CLANG_WARN_CONSTANT_CONVERSION = YES;
				CLANG_WARN_DEPRECATED_OBJC_IMPLEMENTATIONS = YES;
				CLANG_WARN_DIRECT_OBJC_ISA_USAGE = YES_ERROR;
				CLANG_WARN_DOCUMENTATION_COMMENTS = YES;
				CLANG_WARN_EMPTY_BODY = YES;
				CLANG_WARN_ENUM_CONVERSION = YES;
				CLANG_WARN_INFINITE_RECURSION = YES;
				CLANG_WARN_INT_CONVERSION = YES;
				CLANG_WARN_NON_LITERAL_NULL_CONVERSION = YES;
				CLANG_WARN_OBJC_IMPLICIT_RETAIN_SELF = YES;
				CLANG_WARN_OBJC_LITERAL_CONVERSION = YES;
				CLANG_WARN_OBJC_ROOT_CLASS = YES_ERROR;
				CLANG_WARN_RANGE_LOOP_ANALYSIS = YES;
				CLANG_WARN_STRICT_PROTOTYPES = YES;
				CLANG_WARN_SUSPICIOUS_MOVE = YES;
				CLANG_WARN_UNGUARDED_AVAILABILITY = YES_AGGRESSIVE;
				CLANG_WARN_UNREACHABLE_CODE = YES;
				CLANG_WARN__DUPLICATE_METHOD_MATCH = YES;
				CODE_SIGN_IDENTITY = "iPhone Developer";
				COPY_PHASE_STRIP = NO;
				DEBUG_INFORMATION_FORMAT = dwarf;
				ENABLE_STRICT_OBJC_MSGSEND = YES;
				ENABLE_TESTABILITY = YES;
				GCC_C_LANGUAGE_STANDARD = gnu11;
				GCC_DYNAMIC_NO_PIC = NO;
				GCC_NO_COMMON_BLOCKS = YES;
				GCC_OPTIMIZATION_LEVEL = 0;
				GCC_PREPROCESSOR_DEFINITIONS = (
					"DEBUG=1",
					"$(inherited)",
				);
				GCC_WARN_64_TO_32_BIT_CONVERSION = YES;
				GCC_WARN_ABOUT_RETURN_TYPE = YES_ERROR;
				GCC_WARN_UNDECLARED_SELECTOR = YES;
				GCC_WARN_UNINITIALIZED_AUTOS = YES_AGGRESSIVE;
				GCC_WARN_UNUSED_FUNCTION = YES;
				GCC_WARN_UNUSED_VARIABLE = YES;
				IPHONEOS_DEPLOYMENT_TARGET = 11.4;
				MTL_ENABLE_DEBUG_INFO = YES;
				ONLY_ACTIVE_ARCH = YES;
				SDKROOT = iphoneos;
				SWIFT_ACTIVE_COMPILATION_CONDITIONS = DEBUG;
				SWIFT_OPTIMIZATION_LEVEL = "-Onone";
			};
			name = Debug;
		};
		D5C98E1920FD99AC00A8A426 /* Release */ = {
			isa = XCBuildConfiguration;
			buildSettings = {
				ALWAYS_SEARCH_USER_PATHS = NO;
				CLANG_ANALYZER_NONNULL = YES;
				CLANG_ANALYZER_NUMBER_OBJECT_CONVERSION = YES_AGGRESSIVE;
				CLANG_CXX_LANGUAGE_STANDARD = "gnu++14";
				CLANG_CXX_LIBRARY = "libc++";
				CLANG_ENABLE_MODULES = YES;
				CLANG_ENABLE_OBJC_ARC = YES;
				CLANG_ENABLE_OBJC_WEAK = YES;
				CLANG_WARN_BLOCK_CAPTURE_AUTORELEASING = YES;
				CLANG_WARN_BOOL_CONVERSION = YES;
				CLANG_WARN_COMMA = YES;
				CLANG_WARN_CONSTANT_CONVERSION = YES;
				CLANG_WARN_DEPRECATED_OBJC_IMPLEMENTATIONS = YES;
				CLANG_WARN_DIRECT_OBJC_ISA_USAGE = YES_ERROR;
				CLANG_WARN_DOCUMENTATION_COMMENTS = YES;
				CLANG_WARN_EMPTY_BODY = YES;
				CLANG_WARN_ENUM_CONVERSION = YES;
				CLANG_WARN_INFINITE_RECURSION = YES;
				CLANG_WARN_INT_CONVERSION = YES;
				CLANG_WARN_NON_LITERAL_NULL_CONVERSION = YES;
				CLANG_WARN_OBJC_IMPLICIT_RETAIN_SELF = YES;
				CLANG_WARN_OBJC_LITERAL_CONVERSION = YES;
				CLANG_WARN_OBJC_ROOT_CLASS = YES_ERROR;
				CLANG_WARN_RANGE_LOOP_ANALYSIS = YES;
				CLANG_WARN_STRICT_PROTOTYPES = YES;
				CLANG_WARN_SUSPICIOUS_MOVE = YES;
				CLANG_WARN_UNGUARDED_AVAILABILITY = YES_AGGRESSIVE;
				CLANG_WARN_UNREACHABLE_CODE = YES;
				CLANG_WARN__DUPLICATE_METHOD_MATCH = YES;
				CODE_SIGN_IDENTITY = "iPhone Developer";
				COPY_PHASE_STRIP = NO;
				DEBUG_INFORMATION_FORMAT = "dwarf-with-dsym";
				ENABLE_NS_ASSERTIONS = NO;
				ENABLE_STRICT_OBJC_MSGSEND = YES;
				GCC_C_LANGUAGE_STANDARD = gnu11;
				GCC_NO_COMMON_BLOCKS = YES;
				GCC_WARN_64_TO_32_BIT_CONVERSION = YES;
				GCC_WARN_ABOUT_RETURN_TYPE = YES_ERROR;
				GCC_WARN_UNDECLARED_SELECTOR = YES;
				GCC_WARN_UNINITIALIZED_AUTOS = YES_AGGRESSIVE;
				GCC_WARN_UNUSED_FUNCTION = YES;
				GCC_WARN_UNUSED_VARIABLE = YES;
				IPHONEOS_DEPLOYMENT_TARGET = 11.4;
				MTL_ENABLE_DEBUG_INFO = NO;
				SDKROOT = iphoneos;
				SWIFT_COMPILATION_MODE = wholemodule;
				SWIFT_OPTIMIZATION_LEVEL = "-O";
				VALIDATE_PRODUCT = YES;
			};
			name = Release;
		};
		D5C98E1B20FD99AC00A8A426 /* Debug */ = {
			isa = XCBuildConfiguration;
			baseConfigurationReference = 40B7C44038EEAEEB151055A6 /* Pods-X-Mode.debug.xcconfig */;
			buildSettings = {
				ASSETCATALOG_COMPILER_APPICON_NAME = AppIcon;
				CODE_SIGN_STYLE = Automatic;
				DEVELOPMENT_TEAM = ZAPA84QJ75;
				INFOPLIST_FILE = "X-Mode/Info.plist";
				LD_RUNPATH_SEARCH_PATHS = (
					"$(inherited)",
					"@executable_path/Frameworks",
				);
				PRODUCT_BUNDLE_IDENTIFIER = "koolbeans.X-Mode";
				PRODUCT_NAME = "$(TARGET_NAME)";
				SWIFT_VERSION = 4.0;
				TARGETED_DEVICE_FAMILY = "1,2";
			};
			name = Debug;
		};
		D5C98E1C20FD99AC00A8A426 /* Release */ = {
			isa = XCBuildConfiguration;
			baseConfigurationReference = 97C83CC1F081AE44C1237B15 /* Pods-X-Mode.release.xcconfig */;
			buildSettings = {
				ASSETCATALOG_COMPILER_APPICON_NAME = AppIcon;
				CODE_SIGN_STYLE = Automatic;
				DEVELOPMENT_TEAM = ZAPA84QJ75;
				INFOPLIST_FILE = "X-Mode/Info.plist";
				LD_RUNPATH_SEARCH_PATHS = (
					"$(inherited)",
					"@executable_path/Frameworks",
				);
				PRODUCT_BUNDLE_IDENTIFIER = "koolbeans.X-Mode";
				PRODUCT_NAME = "$(TARGET_NAME)";
				SWIFT_VERSION = 4.0;
				TARGETED_DEVICE_FAMILY = "1,2";
			};
			name = Release;
		};
		D5C98E1E20FD99AC00A8A426 /* Debug */ = {
			isa = XCBuildConfiguration;
			buildSettings = {
				ALWAYS_EMBED_SWIFT_STANDARD_LIBRARIES = YES;
				BUNDLE_LOADER = "$(TEST_HOST)";
				CODE_SIGN_STYLE = Automatic;
				DEVELOPMENT_TEAM = ZAPA84QJ75;
				INFOPLIST_FILE = "X-ModeTests/Info.plist";
				LD_RUNPATH_SEARCH_PATHS = (
					"$(inherited)",
					"@executable_path/Frameworks",
					"@loader_path/Frameworks",
				);
				PRODUCT_BUNDLE_IDENTIFIER = "koolbeans.X-ModeTests";
				PRODUCT_NAME = "$(TARGET_NAME)";
				SWIFT_VERSION = 4.0;
				TARGETED_DEVICE_FAMILY = "1,2";
				TEST_HOST = "$(BUILT_PRODUCTS_DIR)/X-Mode.app/X-Mode";
			};
			name = Debug;
		};
		D5C98E1F20FD99AC00A8A426 /* Release */ = {
			isa = XCBuildConfiguration;
			buildSettings = {
				ALWAYS_EMBED_SWIFT_STANDARD_LIBRARIES = YES;
				BUNDLE_LOADER = "$(TEST_HOST)";
				CODE_SIGN_STYLE = Automatic;
				DEVELOPMENT_TEAM = ZAPA84QJ75;
				INFOPLIST_FILE = "X-ModeTests/Info.plist";
				LD_RUNPATH_SEARCH_PATHS = (
					"$(inherited)",
					"@executable_path/Frameworks",
					"@loader_path/Frameworks",
				);
				PRODUCT_BUNDLE_IDENTIFIER = "koolbeans.X-ModeTests";
				PRODUCT_NAME = "$(TARGET_NAME)";
				SWIFT_VERSION = 4.0;
				TARGETED_DEVICE_FAMILY = "1,2";
				TEST_HOST = "$(BUILT_PRODUCTS_DIR)/X-Mode.app/X-Mode";
			};
			name = Release;
		};
		D5C98E2120FD99AC00A8A426 /* Debug */ = {
			isa = XCBuildConfiguration;
			buildSettings = {
				ALWAYS_EMBED_SWIFT_STANDARD_LIBRARIES = YES;
				CODE_SIGN_STYLE = Automatic;
				DEVELOPMENT_TEAM = ZAPA84QJ75;
				INFOPLIST_FILE = "X-ModeUITests/Info.plist";
				LD_RUNPATH_SEARCH_PATHS = (
					"$(inherited)",
					"@executable_path/Frameworks",
					"@loader_path/Frameworks",
				);
				PRODUCT_BUNDLE_IDENTIFIER = "koolbeans.X-ModeUITests";
				PRODUCT_NAME = "$(TARGET_NAME)";
				SWIFT_VERSION = 4.0;
				TARGETED_DEVICE_FAMILY = "1,2";
				TEST_TARGET_NAME = "X-Mode";
			};
			name = Debug;
		};
		D5C98E2220FD99AC00A8A426 /* Release */ = {
			isa = XCBuildConfiguration;
			buildSettings = {
				ALWAYS_EMBED_SWIFT_STANDARD_LIBRARIES = YES;
				CODE_SIGN_STYLE = Automatic;
				DEVELOPMENT_TEAM = ZAPA84QJ75;
				INFOPLIST_FILE = "X-ModeUITests/Info.plist";
				LD_RUNPATH_SEARCH_PATHS = (
					"$(inherited)",
					"@executable_path/Frameworks",
					"@loader_path/Frameworks",
				);
				PRODUCT_BUNDLE_IDENTIFIER = "koolbeans.X-ModeUITests";
				PRODUCT_NAME = "$(TARGET_NAME)";
				SWIFT_VERSION = 4.0;
				TARGETED_DEVICE_FAMILY = "1,2";
				TEST_TARGET_NAME = "X-Mode";
			};
			name = Release;
		};
/* End XCBuildConfiguration section */

/* Begin XCConfigurationList section */
		D5C98DED20FD99AB00A8A426 /* Build configuration list for PBXProject "X-Mode" */ = {
			isa = XCConfigurationList;
			buildConfigurations = (
				D5C98E1820FD99AC00A8A426 /* Debug */,
				D5C98E1920FD99AC00A8A426 /* Release */,
			);
			defaultConfigurationIsVisible = 0;
			defaultConfigurationName = Release;
		};
		D5C98E1A20FD99AC00A8A426 /* Build configuration list for PBXNativeTarget "X-Mode" */ = {
			isa = XCConfigurationList;
			buildConfigurations = (
				D5C98E1B20FD99AC00A8A426 /* Debug */,
				D5C98E1C20FD99AC00A8A426 /* Release */,
			);
			defaultConfigurationIsVisible = 0;
			defaultConfigurationName = Release;
		};
		D5C98E1D20FD99AC00A8A426 /* Build configuration list for PBXNativeTarget "X-ModeTests" */ = {
			isa = XCConfigurationList;
			buildConfigurations = (
				D5C98E1E20FD99AC00A8A426 /* Debug */,
				D5C98E1F20FD99AC00A8A426 /* Release */,
			);
			defaultConfigurationIsVisible = 0;
			defaultConfigurationName = Release;
		};
		D5C98E2020FD99AC00A8A426 /* Build configuration list for PBXNativeTarget "X-ModeUITests" */ = {
			isa = XCConfigurationList;
			buildConfigurations = (
				D5C98E2120FD99AC00A8A426 /* Debug */,
				D5C98E2220FD99AC00A8A426 /* Release */,
			);
			defaultConfigurationIsVisible = 0;
			defaultConfigurationName = Release;
		};
/* End XCConfigurationList section */
	};
	rootObject = D5C98DEA20FD99AB00A8A426 /* Project object */;
}
